Microsoft Visual Studio Solution File, Format Version 12.00
# Visual Studio Version 17
VisualStudioVersion = 17.5.2.0
MinimumVisualStudioVersion = 10.0.40219.1
Project("{FAE04EC0-301F-11D3-BF4B-00C04F79EFBC}") = "CareFlowLite", "CareFlowLite.csproj", "{B767566C-7D8C-3F89-5ABD-9CF56160A48D}"
EndProject
Global
	GlobalSection(SolutionConfigurationPlatforms) = preSolution
		Debug|Any CPU = Debug|Any CPU
		Release|Any CPU = Release|Any CPU
	EndGlobalSection
	GlobalSection(ProjectConfigurationPlatforms) = postSolution
		{B767566C-7D8C-3F89-5ABD-9CF56160A48D}.Debug|Any CPU.ActiveCfg = Debug|Any CPU
		{B767566C-7D8C-3F89-5ABD-9CF56160A48D}.Debug|Any CPU.Build.0 = Debug|Any CPU
		{B767566C-7D8C-3F89-5ABD-9CF56160A48D}.Release|Any CPU.ActiveCfg = Release|Any CPU
		{B767566C-7D8C-3F89-5ABD-9CF56160A48D}.Release|Any CPU.Build.0 = Release|Any CPU
	EndGlobalSection
	GlobalSection(SolutionProperties) = preSolution
		HideSolutionNode = FALSE
	EndGlobalSection
	GlobalSection(ExtensibilityGlobals) = postSolution
		SolutionGuid = {AB4532BD-71E7-49A8-BE74-70F2BEC540C8}
	EndGlobalSection
EndGlobal
